{
  "name": "tntjs-docs",
  "lockfileVersion": 2,
  "requires": true,
  "packages": {
    "": {
      "dependencies": {
        "tntjs": "^0.2.4"
      }
    },
    "node_modules/tntjs": {
      "version": "0.2.4",
      "resolved": "https://registry.npmjs.org/tntjs/-/tntjs-0.2.4.tgz",
      "integrity": "sha512-2tvARHIcrdXPKTSRj8qqyF9eV5yKSx5w5+rvFcJ8sKu9U6hJvn+DDeY4N6K8hTL99Bhw3Lhq1R+sU2s7t9iHUQ==",
      "dependencies": {
        "tslib": "^2.4.0"
      }
    },
    "node_modules/tslib": {
      "version": "2.4.0",
      "resolved": "https://registry.npmjs.org/tslib/-/tslib-2.4.0.tgz",
      "integrity": "sha512-d6xOpEDfsi2CZVlPQzGeux8XMwLT9hssAsaPYExaQMuYskwb+x1x7J371tWlbBdWHroy99KnVB6qIkUbs5X3UQ=="
    }
  },
  "dependencies": {
    "tntjs": {
      "version": "0.2.4",
      "resolved": "https://registry.npmjs.org/tntjs/-/tntjs-0.2.4.tgz",
      "integrity": "sha512-2tvARHIcrdXPKTSRj8qqyF9eV5yKSx5w5+rvFcJ8sKu9U6hJvn+DDeY4N6K8hTL99Bhw3Lhq1R+sU2s7t9iHUQ==",
      "requires": {
        "tslib": "^2.4.0"
      }
    },
    "tslib": {
      "version": "2.4.0",
      "resolved": "https://registry.npmjs.org/tslib/-/tslib-2.4.0.tgz",
      "integrity": "sha512-d6xOpEDfsi2CZVlPQzGeux8XMwLT9hssAsaPYExaQMuYskwb+x1x7J371tWlbBdWHroy99KnVB6qIkUbs5X3UQ=="
    }
  }
}
