{
  "name": "tntjs-docs",
  "lockfileVersion": 2,
  "requires": true,
  "packages": {
    "": {
      "dependencies": {
        "tntjs": "^0.2.3-x"
      }
    },
    "node_modules/tntjs": {
      "version": "0.2.3-x",
      "resolved": "https://registry.npmjs.org/tntjs/-/tntjs-0.2.3-x.tgz",
      "integrity": "sha512-QrohyTaMgqnEo9FP39/b8grNM1wxi0xpZxdzVXOFgH6BbimED4hzRBNb3CfTz7UZUOYEB6Kpq+26CQsBvYs/wg==",
      "dependencies": {
        "tslib": "^2.4.0"
      }
    },
    "node_modules/tslib": {
      "version": "2.4.0",
      "resolved": "https://registry.npmjs.org/tslib/-/tslib-2.4.0.tgz",
      "integrity": "sha512-d6xOpEDfsi2CZVlPQzGeux8XMwLT9hssAsaPYExaQMuYskwb+x1x7J371tWlbBdWHroy99KnVB6qIkUbs5X3UQ=="
    }
  },
  "dependencies": {
    "tntjs": {
      "version": "0.2.3-x",
      "resolved": "https://registry.npmjs.org/tntjs/-/tntjs-0.2.3-x.tgz",
      "integrity": "sha512-QrohyTaMgqnEo9FP39/b8grNM1wxi0xpZxdzVXOFgH6BbimED4hzRBNb3CfTz7UZUOYEB6Kpq+26CQsBvYs/wg==",
      "requires": {
        "tslib": "^2.4.0"
      }
    },
    "tslib": {
      "version": "2.4.0",
      "resolved": "https://registry.npmjs.org/tslib/-/tslib-2.4.0.tgz",
      "integrity": "sha512-d6xOpEDfsi2CZVlPQzGeux8XMwLT9hssAsaPYExaQMuYskwb+x1x7J371tWlbBdWHroy99KnVB6qIkUbs5X3UQ=="
    }
  }
}
